// !$*UTF8*$!
{
	archiveVersion = 1;
	classes = {
	};
	objectVersion = 56;
	objects = {

/* Begin PBXBuildFile section */
		E37125652A1BE94400A63824 /* AppDelegate.swift in Sources */ = {isa = PBXBuildFile; fileRef = E37125642A1BE94400A63824 /* AppDelegate.swift */; };
		E37125672A1BE94400A63824 /* SceneDelegate.swift in Sources */ = {isa = PBXBuildFile; fileRef = E37125662A1BE94400A63824 /* SceneDelegate.swift */; };
		E37125692A1BE94400A63824 /* ViewController.swift in Sources */ = {isa = PBXBuildFile; fileRef = E37125682A1BE94400A63824 /* ViewController.swift */; };
		E371256C2A1BE94400A63824 /* Main.storyboard in Resources */ = {isa = PBXBuildFile; fileRef = E371256A2A1BE94400A63824 /* Main.storyboard */; };
		E371256F2A1BE94400A63824 /* Quiz_App.xcdatamodeld in Sources */ = {isa = PBXBuildFile; fileRef = E371256D2A1BE94400A63824 /* Quiz_App.xcdatamodeld */; };
		E37125712A1BE94600A63824 /* Assets.xcassets in Resources */ = {isa = PBXBuildFile; fileRef = E37125702A1BE94600A63824 /* Assets.xcassets */; };
		E37125742A1BE94600A63824 /* LaunchScreen.storyboard in Resources */ = {isa = PBXBuildFile; fileRef = E37125722A1BE94600A63824 /* LaunchScreen.storyboard */; };
		E371257F2A1BE94600A63824 /* Quiz_AppTests.swift in Sources */ = {isa = PBXBuildFile; fileRef = E371257E2A1BE94600A63824 /* Quiz_AppTests.swift */; };
		E37125892A1BE94600A63824 /* Quiz_AppUITests.swift in Sources */ = {isa = PBXBuildFile; fileRef = E37125882A1BE94600A63824 /* Quiz_AppUITests.swift */; };
		E371258B2A1BE94600A63824 /* Quiz_AppUITestsLaunchTests.swift in Sources */ = {isa = PBXBuildFile; fileRef = E371258A2A1BE94600A63824 /* Quiz_AppUITestsLaunchTests.swift */; };
/* End PBXBuildFile section */

/* Begin PBXContainerItemProxy section */
		E371257B2A1BE94600A63824 /* PBXContainerItemProxy */ = {
			isa = PBXContainerItemProxy;
			containerPortal = E37125592A1BE94400A63824 /* Project object */;
			proxyType = 1;
			remoteGlobalIDString = E37125602A1BE94400A63824;
			remoteInfo = "Quiz App";
		};
		E37125852A1BE94600A63824 /* PBXContainerItemProxy */ = {
			isa = PBXContainerItemProxy;
			containerPortal = E37125592A1BE94400A63824 /* Project object */;
			proxyType = 1;
			remoteGlobalIDString = E37125602A1BE94400A63824;
			remoteInfo = "Quiz App";
		};
/* End PBXContainerItemProxy section */

/* Begin PBXFileReference section */
		E37125612A1BE94400A63824 /* Quiz App.app */ = {isa = PBXFileReference; explicitFileType = wrapper.application; includeInIndex = 0; path = "Quiz App.app"; sourceTree = BUILT_PRODUCTS_DIR; };
		E37125642A1BE94400A63824 /* AppDelegate.swift */ = {isa = PBXFileReference; lastKnownFileType = sourcecode.swift; path = AppDelegate.swift; sourceTree = "<group>"; };
		E37125662A1BE94400A63824 /* SceneDelegate.swift */ = {isa = PBXFileReference; lastKnownFileType = sourcecode.swift; path = SceneDelegate.swift; sourceTree = "<group>"; };
		E37125682A1BE94400A63824 /* ViewController.swift */ = {isa = PBXFileReference; lastKnownFileType = sourcecode.swift; path = ViewController.swift; sourceTree = "<group>"; };
		E371256B2A1BE94400A63824 /* Base */ = {isa = PBXFileReference; lastKnownFileType = file.storyboard; name = Base; path = Base.lproj/Main.storyboard; sourceTree = "<group>"; };
		E371256E2A1BE94400A63824 /* Quiz_App.xcdatamodel */ = {isa = PBXFileReference; lastKnownFileType = wrapper.xcdatamodel; path = Quiz_App.xcdatamodel; sourceTree = "<group>"; };
		E37125702A1BE94600A63824 /* Assets.xcassets */ = {isa = PBXFileReference; lastKnownFileType = folder.assetcatalog; path = Assets.xcassets; sourceTree = "<group>"; };
		E37125732A1BE94600A63824 /* Base */ = {isa = PBXFileReference; lastKnownFileType = file.storyboard; name = Base; path = Base.lproj/LaunchScreen.storyboard; sourceTree = "<group>"; };
		E37125752A1BE94600A63824 /* Info.plist */ = {isa = PBXFileReference; lastKnownFileType = text.plist.xml; path = Info.plist; sourceTree = "<group>"; };
		E371257A2A1BE94600A63824 /* Quiz AppTests.xctest */ = {isa = PBXFileReference; explicitFileType = wrapper.cfbundle; includeInIndex = 0; path = "Quiz AppTests.xctest"; sourceTree = BUILT_PRODUCTS_DIR; };
		E371257E2A1BE94600A63824 /* Quiz_AppTests.swift */ = {isa = PBXFileReference; lastKnownFileType = sourcecode.swift; path = Quiz_AppTests.swift; sourceTree = "<group>"; };
		E37125842A1BE94600A63824 /* Quiz AppUITests.xctest */ = {isa = PBXFileReference; explicitFileType = wrapper.cfbundle; includeInIndex = 0; path = "Quiz AppUITests.xctest"; sourceTree = BUILT_PRODUCTS_DIR; };
		E37125882A1BE94600A63824 /* Quiz_AppUITests.swift */ = {isa = PBXFileReference; lastKnownFileType = sourcecode.swift; path = Quiz_AppUITests.swift; sourceTree = "<group>"; };
		E371258A2A1BE94600A63824 /* Quiz_AppUITestsLaunchTests.swift */ = {isa = PBXFileReference; lastKnownFileType = sourcecode.swift; path = Quiz_AppUITestsLaunchTests.swift; sourceTree = "<group>"; };
/* End PBXFileReference section */

/* Begin PBXFrameworksBuildPhase section */
		E371255E2A1BE94400A63824 /* Frameworks */ = {
			isa = PBXFrameworksBuildPhase;
			buildActionMask = 2147483647;
			files = (
			);
			runOnlyForDeploymentPostprocessing = 0;
		};
		E37125772A1BE94600A63824 /* Frameworks */ = {
			isa = PBXFrameworksBuildPhase;
			buildActionMask = 2147483647;
			files = (
			);
			runOnlyForDeploymentPostprocessing = 0;
		};
		E37125812A1BE94600A63824 /* Frameworks */ = {
			isa = PBXFrameworksBuildPhase;
			buildActionMask = 2147483647;
			files = (
			);
			runOnlyForDeploymentPostprocessing = 0;
		};
/* End PBXFrameworksBuildPhase section */

/* Begin PBXGroup section */
		E37125582A1BE94400A63824 = {
			isa = PBXGroup;
			children = (
				E37125632A1BE94400A63824 /* Quiz App */,
				E371257D2A1BE94600A63824 /* Quiz AppTests */,
				E37125872A1BE94600A63824 /* Quiz AppUITests */,
				E37125622A1BE94400A63824 /* Products */,
			);
			sourceTree = "<group>";
		};
		E37125622A1BE94400A63824 /* Products */ = {
			isa = PBXGroup;
			children = (
				E37125612A1BE94400A63824 /* Quiz App.app */,
				E371257A2A1BE94600A63824 /* Quiz AppTests.xctest */,
				E37125842A1BE94600A63824 /* Quiz AppUITests.xctest */,
			);
			name = Products;
			sourceTree = "<group>";
		};
		E37125632A1BE94400A63824 /* Quiz App */ = {
			isa = PBXGroup;
			children = (
				E37125642A1BE94400A63824 /* AppDelegate.swift */,
				E37125662A1BE94400A63824 /* SceneDelegate.swift */,
				E37125682A1BE94400A63824 /* ViewController.swift */,
				E371256A2A1BE94400A63824 /* Main.storyboard */,
				E37125702A1BE94600A63824 /* Assets.xcassets */,
				E37125722A1BE94600A63824 /* LaunchScreen.storyboard */,
				E37125752A1BE94600A63824 /* Info.plist */,
				E371256D2A1BE94400A63824 /* Quiz_App.xcdatamodeld */,
			);
			path = "Quiz App";
			sourceTree = "<group>";
		};
		E371257D2A1BE94600A63824 /* Quiz AppTests */ = {
			isa = PBXGroup;
			children = (
				E371257E2A1BE94600A63824 /* Quiz_AppTests.swift */,
			);
			path = "Quiz AppTests";
			sourceTree = "<group>";
		};
		E37125872A1BE94600A63824 /* Quiz AppUITests */ = {
			isa = PBXGroup;
			children = (
				E37125882A1BE94600A63824 /* Quiz_AppUITests.swift */,
				E371258A2A1BE94600A63824 /* Quiz_AppUITestsLaunchTests.swift */,
			);
			path = "Quiz AppUITests";
			sourceTree = "<group>";
		};
/* End PBXGroup section */

/* Begin PBXNativeTarget section */
		E37125602A1BE94400A63824 /* Quiz App */ = {
			isa = PBXNativeTarget;
			buildConfigurationList = E371258E2A1BE94600A63824 /* Build configuration list for PBXNativeTarget "Quiz App" */;
			buildPhases = (
				E371255D2A1BE94400A63824 /* Sources */,
				E371255E2A1BE94400A63824 /* Frameworks */,
				E371255F2A1BE94400A63824 /* Resources */,
			);
			buildRules = (
			);
			dependencies = (
			);
			name = "Quiz App";
			productName = "Quiz App";
			productReference = E37125612A1BE94400A63824 /* Quiz App.app */;
			productType = "com.apple.product-type.application";
		};
		E37125792A1BE94600A63824 /* Quiz AppTests */ = {
			isa = PBXNativeTarget;
			buildConfigurationList = E37125912A1BE94600A63824 /* Build configuration list for PBXNativeTarget "Quiz AppTests" */;
			buildPhases = (
				E37125762A1BE94600A63824 /* Sources */,
				E37125772A1BE94600A63824 /* Frameworks */,
				E37125782A1BE94600A63824 /* Resources */,
			);
			buildRules = (
			);
			dependencies = (
				E371257C2A1BE94600A63824 /* PBXTargetDependency */,
			);
			name = "Quiz AppTests";
			productName = "Quiz AppTests";
			productReference = E371257A2A1BE94600A63824 /* Quiz AppTests.xctest */;
			productType = "com.apple.product-type.bundle.unit-test";
		};
		E37125832A1BE94600A63824 /* Quiz AppUITests */ = {
			isa = PBXNativeTarget;
			buildConfigurationList = E37125942A1BE94600A63824 /* Build configuration list for PBXNativeTarget "Quiz AppUITests" */;
			buildPhases = (
				E37125802A1BE94600A63824 /* Sources */,
				E37125812A1BE94600A63824 /* Frameworks */,
				E37125822A1BE94600A63824 /* Resources */,
			);
			buildRules = (
			);
			dependencies = (
				E37125862A1BE94600A63824 /* PBXTargetDependency */,
			);
			name = "Quiz AppUITests";
			productName = "Quiz AppUITests";
			productReference = E37125842A1BE94600A63824 /* Quiz AppUITests.xctest */;
			productType = "com.apple.product-type.bundle.ui-testing";
		};
/* End PBXNativeTarget section */

/* Begin PBXProject section */
		E37125592A1BE94400A63824 /* Project object */ = {
			isa = PBXProject;
			attributes = {
				BuildIndependentTargetsInParallel = 1;
				LastSwiftUpdateCheck = 1430;
				LastUpgradeCheck = 1430;
				TargetAttributes = {
					E37125602A1BE94400A63824 = {
						CreatedOnToolsVersion = 14.3;
					};
					E37125792A1BE94600A63824 = {
						CreatedOnToolsVersion = 14.3;
						TestTargetID = E37125602A1BE94400A63824;
					};
					E37125832A1BE94600A63824 = {
						CreatedOnToolsVersion = 14.3;
						TestTargetID = E37125602A1BE94400A63824;
					};
				};
			};
			buildConfigurationList = E371255C2A1BE94400A63824 /* Build configuration list for PBXProject "Quiz App" */;
			compatibilityVersion = "Xcode 14.0";
			developmentRegion = en;
			hasScannedForEncodings = 0;
			knownRegions = (
				en,
				Base,
			);
			mainGroup = E37125582A1BE94400A63824;
			productRefGroup = E37125622A1BE94400A63824 /* Products */;
			projectDirPath = "";
			projectRoot = "";
			targets = (
				E37125602A1BE94400A63824 /* Quiz App */,
				E37125792A1BE94600A63824 /* Quiz AppTests */,
				E37125832A1BE94600A63824 /* Quiz AppUITests */,
			);
		};
/* End PBXProject section */

/* Begin PBXResourcesBuildPhase section */
		E371255F2A1BE94400A63824 /* Resources */ = {
			isa = PBXResourcesBuildPhase;
			buildActionMask = 2147483647;
			files = (
				E37125742A1BE94600A63824 /* LaunchScreen.storyboard in Resources */,
				E37125712A1BE94600A63824 /* Assets.xcassets in Resources */,
				E371256C2A1BE94400A63824 /* Main.storyboard in Resources */,
			);
			runOnlyForDeploymentPostprocessing = 0;
		};
		E37125782A1BE94600A63824 /* Resources */ = {
			isa = PBXResourcesBuildPhase;
			buildActionMask = 2147483647;
			files = (
			);
			runOnlyForDeploymentPostprocessing = 0;
		};
		E37125822A1BE94600A63824 /* Resources */ = {
			isa = PBXResourcesBuildPhase;
			buildActionMask = 2147483647;
			files = (
			);
			runOnlyForDeploymentPostprocessing = 0;
		};
/* End PBXResourcesBuildPhase section */

/* Begin PBXSourcesBuildPhase section */
		E371255D2A1BE94400A63824 /* Sources */ = {
			isa = PBXSourcesBuildPhase;
			buildActionMask = 2147483647;
			files = (
				E37125692A1BE94400A63824 /* ViewController.swift in Sources */,
				E37125652A1BE94400A63824 /* AppDelegate.swift in Sources */,
				E371256F2A1BE94400A63824 /* Quiz_App.xcdatamodeld in Sources */,
				E37125672A1BE94400A63824 /* SceneDelegate.swift in Sources */,
			);
			runOnlyForDeploymentPostprocessing = 0;
		};
		E37125762A1BE94600A63824 /* Sources */ = {
			isa = PBXSourcesBuildPhase;
			buildActionMask = 2147483647;
			files = (
				E371257F2A1BE94600A63824 /* Quiz_AppTests.swift in Sources */,
			);
			runOnlyForDeploymentPostprocessing = 0;
		};
		E37125802A1BE94600A63824 /* Sources */ = {
			isa = PBXSourcesBuildPhase;
			buildActionMask = 2147483647;
			files = (
				E371258B2A1BE94600A63824 /* Quiz_AppUITestsLaunchTests.swift in Sources */,
				E37125892A1BE94600A63824 /* Quiz_AppUITests.swift in Sources */,
			);
			runOnlyForDeploymentPostprocessing = 0;
		};
/* End PBXSourcesBuildPhase section */

/* Begin PBXTargetDependency section */
		E371257C2A1BE94600A63824 /* PBXTargetDependency */ = {
			isa = PBXTargetDependency;
			target = E37125602A1BE94400A63824 /* Quiz App */;
			targetProxy = E371257B2A1BE94600A63824 /* PBXContainerItemProxy */;
		};
		E37125862A1BE94600A63824 /* PBXTargetDependency */ = {
			isa = PBXTargetDependency;
			target = E37125602A1BE94400A63824 /* Quiz App */;
			targetProxy = E37125852A1BE94600A63824 /* PBXContainerItemProxy */;
		};
/* End PBXTargetDependency section */

/* Begin PBXVariantGroup section */
		E371256A2A1BE94400A63824 /* Main.storyboard */ = {
			isa = PBXVariantGroup;
			children = (
				E371256B2A1BE94400A63824 /* Base */,
			);
			name = Main.storyboard;
			sourceTree = "<group>";
		};
		E37125722A1BE94600A63824 /* LaunchScreen.storyboard */ = {
			isa = PBXVariantGroup;
			children = (
				E37125732A1BE94600A63824 /* Base */,
			);
			name = LaunchScreen.storyboard;
			sourceTree = "<group>";
		};
/* End PBXVariantGroup section */

/* Begin XCBuildConfiguration section */
		E371258C2A1BE94600A63824 /* Debug */ = {
			isa = XCBuildConfiguration;
			buildSettings = {
				ALWAYS_SEARCH_USER_PATHS = NO;
				CLANG_ANALYZER_NONNULL = YES;
				CLANG_ANALYZER_NUMBER_OBJECT_CONVERSION = YES_AGGRESSIVE;
				CLANG_CXX_LANGUAGE_STANDARD = "gnu++20";
				CLANG_ENABLE_MODULES = YES;
				CLANG_ENABLE_OBJC_ARC = YES;
				CLANG_ENABLE_OBJC_WEAK = YES;
				CLANG_WARN_BLOCK_CAPTURE_AUTORELEASING = YES;
				CLANG_WARN_BOOL_CONVERSION = YES;
				CLANG_WARN_COMMA = YES;
				CLANG_WARN_CONSTANT_CONVERSION = YES;
				CLANG_WARN_DEPRECATED_OBJC_IMPLEMENTATIONS = YES;
				CLANG_WARN_DIRECT_OBJC_ISA_USAGE = YES_ERROR;
				CLANG_WARN_DOCUMENTATION_COMMENTS = YES;
				CLANG_WARN_EMPTY_BODY = YES;
				CLANG_WARN_ENUM_CONVERSION = YES;
				CLANG_WARN_INFINITE_RECURSION = YES;
				CLANG_WARN_INT_CONVERSION = YES;
				CLANG_WARN_NON_LITERAL_NULL_CONVERSION = YES;
				CLANG_WARN_OBJC_IMPLICIT_RETAIN_SELF = YES;
				CLANG_WARN_OBJC_LITERAL_CONVERSION = YES;
				CLANG_WARN_OBJC_ROOT_CLASS = YES_ERROR;
				CLANG_WARN_QUOTED_INCLUDE_IN_FRAMEWORK_HEADER = YES;
				CLANG_WARN_RANGE_LOOP_ANALYSIS = YES;
				CLANG_WARN_STRICT_PROTOTYPES = YES;
				CLANG_WARN_SUSPICIOUS_MOVE = YES;
				CLANG_WARN_UNGUARDED_AVAILABILITY = YES_AGGRESSIVE;
				CLANG_WARN_UNREACHABLE_CODE = YES;
				CLANG_WARN__DUPLICATE_METHOD_MATCH = YES;
				COPY_PHASE_STRIP = NO;
				DEBUG_INFORMATION_FORMAT = dwarf;
				ENABLE_STRICT_OBJC_MSGSEND = YES;
				ENABLE_TESTABILITY = YES;
				GCC_C_LANGUAGE_STANDARD = gnu11;
				GCC_DYNAMIC_NO_PIC = NO;
				GCC_NO_COMMON_BLOCKS = YES;
				GCC_OPTIMIZATION_LEVEL = 0;
				GCC_PREPROCESSOR_DEFINITIONS = (
					"DEBUG=1",
					"$(inherited)",
				);
				GCC_WARN_64_TO_32_BIT_CONVERSION = YES;
				GCC_WARN_ABOUT_RETURN_TYPE = YES_ERROR;
				GCC_WARN_UNDECLARED_SELECTOR = YES;
				GCC_WARN_UNINITIALIZED_AUTOS = YES_AGGRESSIVE;
				GCC_WARN_UNUSED_FUNCTION = YES;
				GCC_WARN_UNUSED_VARIABLE = YES;
				IPHONEOS_DEPLOYMENT_TARGET = 16.4;
				MTL_ENABLE_DEBUG_INFO = INCLUDE_SOURCE;
				MTL_FAST_MATH = YES;
				ONLY_ACTIVE_ARCH = YES;
				SDKROOT = iphoneos;
				SWIFT_ACTIVE_COMPILATION_CONDITIONS = DEBUG;
				SWIFT_OPTIMIZATION_LEVEL = "-Onone";
			};
			name = Debug;
		};
		E371258D2A1BE94600A63824 /* Release */ = {
			isa = XCBuildConfiguration;
			buildSettings = {
				ALWAYS_SEARCH_USER_PATHS = NO;
				CLANG_ANALYZER_NONNULL = YES;
				CLANG_ANALYZER_NUMBER_OBJECT_CONVERSION = YES_AGGRESSIVE;
				CLANG_CXX_LANGUAGE_STANDARD = "gnu++20";
				CLANG_ENABLE_MODULES = YES;
				CLANG_ENABLE_OBJC_ARC = YES;
				CLANG_ENABLE_OBJC_WEAK = YES;
				CLANG_WARN_BLOCK_CAPTURE_AUTORELEASING = YES;
				CLANG_WARN_BOOL_CONVERSION = YES;
				CLANG_WARN_COMMA = YES;
				CLANG_WARN_CONSTANT_CONVERSION = YES;
				CLANG_WARN_DEPRECATED_OBJC_IMPLEMENTATIONS = YES;
				CLANG_WARN_DIRECT_OBJC_ISA_USAGE = YES_ERROR;
				CLANG_WARN_DOCUMENTATION_COMMENTS = YES;
				CLANG_WARN_EMPTY_BODY = YES;
				CLANG_WARN_ENUM_CONVERSION = YES;
				CLANG_WARN_INFINITE_RECURSION = YES;
				CLANG_WARN_INT_CONVERSION = YES;
				CLANG_WARN_NON_LITERAL_NULL_CONVERSION = YES;
				CLANG_WARN_OBJC_IMPLICIT_RETAIN_SELF = YES;
				CLANG_WARN_OBJC_LITERAL_CONVERSION = YES;
				CLANG_WARN_OBJC_ROOT_CLASS = YES_ERROR;
				CLANG_WARN_QUOTED_INCLUDE_IN_FRAMEWORK_HEADER = YES;
				CLANG_WARN_RANGE_LOOP_ANALYSIS = YES;
				CLANG_WARN_STRICT_PROTOTYPES = YES;
				CLANG_WARN_SUSPICIOUS_MOVE = YES;
				CLANG_WARN_UNGUARDED_AVAILABILITY = YES_AGGRESSIVE;
				CLANG_WARN_UNREACHABLE_CODE = YES;
				CLANG_WARN__DUPLICATE_METHOD_MATCH = YES;
				COPY_PHASE_STRIP = NO;
				DEBUG_INFORMATION_FORMAT = "dwarf-with-dsym";
				ENABLE_NS_ASSERTIONS = NO;
				ENABLE_STRICT_OBJC_MSGSEND = YES;
				GCC_C_LANGUAGE_STANDARD = gnu11;
				GCC_NO_COMMON_BLOCKS = YES;
				GCC_WARN_64_TO_32_BIT_CONVERSION = YES;
				GCC_WARN_ABOUT_RETURN_TYPE = YES_ERROR;
				GCC_WARN_UNDECLARED_SELECTOR = YES;
				GCC_WARN_UNINITIALIZED_AUTOS = YES_AGGRESSIVE;
				GCC_WARN_UNUSED_FUNCTION = YES;
				GCC_WARN_UNUSED_VARIABLE = YES;
				IPHONEOS_DEPLOYMENT_TARGET = 16.4;
				MTL_ENABLE_DEBUG_INFO = NO;
				MTL_FAST_MATH = YES;
				SDKROOT = iphoneos;
				SWIFT_COMPILATION_MODE = wholemodule;
				SWIFT_OPTIMIZATION_LEVEL = "-O";
				VALIDATE_PRODUCT = YES;
			};
			name = Release;
		};
		E371258F2A1BE94600A63824 /* Debug */ = {
			isa = XCBuildConfiguration;
			buildSettings = {
				ASSETCATALOG_COMPILER_APPICON_NAME = AppIcon;
				ASSETCATALOG_COMPILER_GLOBAL_ACCENT_COLOR_NAME = AccentColor;
				CODE_SIGN_STYLE = Automatic;
				CURRENT_PROJECT_VERSION = 1;
				DEVELOPMENT_TEAM = N82WFYN27D;
				GENERATE_INFOPLIST_FILE = YES;
				INFOPLIST_FILE = "Quiz App/Info.plist";
				INFOPLIST_KEY_UIApplicationSupportsIndirectInputEvents = YES;
				INFOPLIST_KEY_UILaunchStoryboardName = LaunchScreen;
				INFOPLIST_KEY_UIMainStoryboardFile = Main;
				INFOPLIST_KEY_UISupportedInterfaceOrientations_iPad = "UIInterfaceOrientationPortrait UIInterfaceOrientationPortraitUpsideDown UIInterfaceOrientationLandscapeLeft UIInterfaceOrientationLandscapeRight";
				INFOPLIST_KEY_UISupportedInterfaceOrientations_iPhone = "UIInterfaceOrientationPortrait UIInterfaceOrientationLandscapeLeft UIInterfaceOrientationLandscapeRight";
				LD_RUNPATH_SEARCH_PATHS = (
					"$(inherited)",
					"@executable_path/Frameworks",
				);
				MARKETING_VERSION = 1.0;
				PRODUCT_BUNDLE_IDENTIFIER = "me.ali.components.Quiz-App";
				PRODUCT_NAME = "$(TARGET_NAME)";
				SWIFT_EMIT_LOC_STRINGS = YES;
				SWIFT_VERSION = 5.0;
				TARGETED_DEVICE_FAMILY = "1,2";
			};
			name = Debug;
		};
		E37125902A1BE94600A63824 /* Release */ = {
			isa = XCBuildConfiguration;
			buildSettings = {
				ASSETCATALOG_COMPILER_APPICON_NAME = AppIcon;
				ASSETCATALOG_COMPILER_GLOBAL_ACCENT_COLOR_NAME = AccentColor;
				CODE_SIGN_STYLE = Automatic;
				CURRENT_PROJECT_VERSION = 1;
				DEVELOPMENT_TEAM = N82WFYN27D;
				GENERATE_INFOPLIST_FILE = YES;
				INFOPLIST_FILE = "Quiz App/Info.plist";
				INFOPLIST_KEY_UIApplicationSupportsIndirectInputEvents = YES;
				INFOPLIST_KEY_UILaunchStoryboardName = LaunchScreen;
				INFOPLIST_KEY_UIMainStoryboardFile = Main;
				INFOPLIST_KEY_UISupportedInterfaceOrientations_iPad = "UIInterfaceOrientationPortrait UIInterfaceOrientationPortraitUpsideDown UIInterfaceOrientationLandscapeLeft UIInterfaceOrientationLandscapeRight";
				INFOPLIST_KEY_UISupportedInterfaceOrientations_iPhone = "UIInterfaceOrientationPortrait UIInterfaceOrientationLandscapeLeft UIInterfaceOrientationLandscapeRight";
				LD_RUNPATH_SEARCH_PATHS = (
					"$(inherited)",
					"@executable_path/Frameworks",
				);
				MARKETING_VERSION = 1.0;
				PRODUCT_BUNDLE_IDENTIFIER = "me.ali.components.Quiz-App";
				PRODUCT_NAME = "$(TARGET_NAME)";
				SWIFT_EMIT_LOC_STRINGS = YES;
				SWIFT_VERSION = 5.0;
				TARGETED_DEVICE_FAMILY = "1,2";
			};
			name = Release;
		};
		E37125922A1BE94600A63824 /* Debug */ = {
			isa = XCBuildConfiguration;
			buildSettings = {
				ALWAYS_EMBED_SWIFT_STANDARD_LIBRARIES = YES;
				BUNDLE_LOADER = "$(TEST_HOST)";
				CODE_SIGN_STYLE = Automatic;
				CURRENT_PROJECT_VERSION = 1;
				DEVELOPMENT_TEAM = N82WFYN27D;
				GENERATE_INFOPLIST_FILE = YES;
				IPHONEOS_DEPLOYMENT_TARGET = 16.4;
				MARKETING_VERSION = 1.0;
				PRODUCT_BUNDLE_IDENTIFIER = "me.ali.components.Quiz-AppTests";
				PRODUCT_NAME = "$(TARGET_NAME)";
				SWIFT_EMIT_LOC_STRINGS = NO;
				SWIFT_VERSION = 5.0;
				TARGETED_DEVICE_FAMILY = "1,2";
				TEST_HOST = "$(BUILT_PRODUCTS_DIR)/Quiz App.app/$(BUNDLE_EXECUTABLE_FOLDER_PATH)/Quiz App";
			};
			name = Debug;
		};
		E37125932A1BE94600A63824 /* Release */ = {
			isa = XCBuildConfiguration;
			buildSettings = {
				ALWAYS_EMBED_SWIFT_STANDARD_LIBRARIES = YES;
				BUNDLE_LOADER = "$(TEST_HOST)";
				CODE_SIGN_STYLE = Automatic;
				CURRENT_PROJECT_VERSION = 1;
				DEVELOPMENT_TEAM = N82WFYN27D;
				GENERATE_INFOPLIST_FILE = YES;
				IPHONEOS_DEPLOYMENT_TARGET = 16.4;
				MARKETING_VERSION = 1.0;
				PRODUCT_BUNDLE_IDENTIFIER = "me.ali.components.Quiz-AppTests";
				PRODUCT_NAME = "$(TARGET_NAME)";
				SWIFT_EMIT_LOC_STRINGS = NO;
				SWIFT_VERSION = 5.0;
				TARGETED_DEVICE_FAMILY = "1,2";
				TEST_HOST = "$(BUILT_PRODUCTS_DIR)/Quiz App.app/$(BUNDLE_EXECUTABLE_FOLDER_PATH)/Quiz App";
			};
			name = Release;
		};
		E37125952A1BE94600A63824 /* Debug */ = {
			isa = XCBuildConfiguration;
			buildSettings = {
				ALWAYS_EMBED_SWIFT_STANDARD_LIBRARIES = YES;
				CODE_SIGN_STYLE = Automatic;
				CURRENT_PROJECT_VERSION = 1;
				DEVELOPMENT_TEAM = N82WFYN27D;
				GENERATE_INFOPLIST_FILE = YES;
				MARKETING_VERSION = 1.0;
				PRODUCT_BUNDLE_IDENTIFIER = "me.ali.components.Quiz-AppUITests";
				PRODUCT_NAME = "$(TARGET_NAME)";
				SWIFT_EMIT_LOC_STRINGS = NO;
				SWIFT_VERSION = 5.0;
				TARGETED_DEVICE_FAMILY = "1,2";
				TEST_TARGET_NAME = "Quiz App";
			};
			name = Debug;
		};
		E37125962A1BE94600A63824 /* Release */ = {
			isa = XCBuildConfiguration;
			buildSettings = {
				ALWAYS_EMBED_SWIFT_STANDARD_LIBRARIES = YES;
				CODE_SIGN_STYLE = Automatic;
				CURRENT_PROJECT_VERSION = 1;
				DEVELOPMENT_TEAM = N82WFYN27D;
				GENERATE_INFOPLIST_FILE = YES;
				MARKETING_VERSION = 1.0;
				PRODUCT_BUNDLE_IDENTIFIER = "me.ali.components.Quiz-AppUITests";
				PRODUCT_NAME = "$(TARGET_NAME)";
				SWIFT_EMIT_LOC_STRINGS = NO;
				SWIFT_VERSION = 5.0;
				TARGETED_DEVICE_FAMILY = "1,2";
				TEST_TARGET_NAME = "Quiz App";
			};
			name = Release;
		};
/* End XCBuildConfiguration section */

/* Begin XCConfigurationList section */
		E371255C2A1BE94400A63824 /* Build configuration list for PBXProject "Quiz App" */ = {
			isa = XCConfigurationList;
			buildConfigurations = (
				E371258C2A1BE94600A63824 /* Debug */,
				E371258D2A1BE94600A63824 /* Release */,
			);
			defaultConfigurationIsVisible = 0;
			defaultConfigurationName = Release;
		};
		E371258E2A1BE94600A63824 /* Build configuration list for PBXNativeTarget "Quiz App" */ = {
			isa = XCConfigurationList;
			buildConfigurations = (
				E371258F2A1BE94600A63824 /* Debug */,
				E37125902A1BE94600A63824 /* Release */,
			);
			defaultConfigurationIsVisible = 0;
			defaultConfigurationName = Release;
		};
		E37125912A1BE94600A63824 /* Build configuration list for PBXNativeTarget "Quiz AppTests" */ = {
			isa = XCConfigurationList;
			buildConfigurations = (
				E37125922A1BE94600A63824 /* Debug */,
				E37125932A1BE94600A63824 /* Release */,
			);
			defaultConfigurationIsVisible = 0;
			defaultConfigurationName = Release;
		};
		E37125942A1BE94600A63824 /* Build configuration list for PBXNativeTarget "Quiz AppUITests" */ = {
			isa = XCConfigurationList;
			buildConfigurations = (
				E37125952A1BE94600A63824 /* Debug */,
				E37125962A1BE94600A63824 /* Release */,
			);
			defaultConfigurationIsVisible = 0;
			defaultConfigurationName = Release;
		};
/* End XCConfigurationList section */

/* Begin XCVersionGroup section */
		E371256D2A1BE94400A63824 /* Quiz_App.xcdatamodeld */ = {
			isa = XCVersionGroup;
			children = (
				E371256E2A1BE94400A63824 /* Quiz_App.xcdatamodel */,
			);
			currentVersion = E371256E2A1BE94400A63824 /* Quiz_App.xcdatamodel */;
			path = Quiz_App.xcdatamodeld;
			sourceTree = "<group>";
			versionGroupType = wrapper.xcdatamodel;
		};
/* End XCVersionGroup section */
	};
	rootObject = E37125592A1BE94400A63824 /* Project object */;
}
